
Microsoft Visual Studio Solution File, Format Version 12.00
# Visual Studio Version 17
VisualStudioVersion = 17.10.35122.118
MinimumVisualStudioVersion = 10.0.40219.1
Project("{FAE04EC0-301F-11D3-BF4B-00C04F79EFBC}") = "PrimeiroProjeto", "PrimeiroProjeto\PrimeiroProjeto.csproj", "{DC9DB89A-8341-4BD9-BA10-C19A793CA7CD}"
EndProject
Global
	GlobalSection(SolutionConfigurationPlatforms) = preSolution
		Debug|Any CPU = Debug|Any CPU
		Release|Any CPU = Release|Any CPU
	EndGlobalSection
	GlobalSection(ProjectConfigurationPlatforms) = postSolution
		{DC9DB89A-8341-4BD9-BA10-C19A793CA7CD}.Debug|Any CPU.ActiveCfg = Debug|Any CPU
		{DC9DB89A-8341-4BD9-BA10-C19A793CA7CD}.Debug|Any CPU.Build.0 = Debug|Any CPU
		{DC9DB89A-8341-4BD9-BA10-C19A793CA7CD}.Release|Any CPU.ActiveCfg = Release|Any CPU
		{DC9DB89A-8341-4BD9-BA10-C19A793CA7CD}.Release|Any CPU.Build.0 = Release|Any CPU
	EndGlobalSection
	GlobalSection(SolutionProperties) = preSolution
		HideSolutionNode = FALSE
	EndGlobalSection
	GlobalSection(ExtensibilityGlobals) = postSolution
		SolutionGuid = {7FAADF80-7BC3-42B4-B845-E7CD089A8234}
	EndGlobalSection
EndGlobal
